# This file is automatically @generated by Cargo.
# It is not intended for manual editing.
version = 4

[[package]]
name = "quadcontrol-adb-probe"
version = "0.1.0"

[[package]]
name = "quadcontrol-core"
version = "0.1.0"

[[package]]
name = "quadcontrol-crypto"
version = "0.1.0"

[[package]]
name = "quadcontrol-diagnostics"
version = "0.1.0"

[[package]]
name = "quadcontrol-ffi"
version = "0.1.0"

[[package]]
name = "quadcontrol-media"
version = "0.1.0"

[[package]]
name = "quadcontrol-pairing"
version = "0.1.0"

[[package]]
name = "quadcontrol-protocol"
version = "0.1.0"

[[package]]
name = "quadcontrol-transport"
version = "0.1.0"
